// !$*UTF8*$!
{
	archiveVersion = 1;
	classes = {
	};
	objectVersion = 50;
	objects = {

/* Begin PBXBuildFile section */
		183ED7F621BE69DF00255120 /* PedidosTableViewController.swift in Sources */ = {isa = PBXBuildFile; fileRef = 183ED7F521BE69DF00255120 /* PedidosTableViewController.swift */; };
		183ED7F821BE7C4B00255120 /* StatusPedidoViewController.swift in Sources */ = {isa = PBXBuildFile; fileRef = 183ED7F721BE7C4B00255120 /* StatusPedidoViewController.swift */; };
		18CF8DFC21BCE1A200B66425 /* AppDelegate.swift in Sources */ = {isa = PBXBuildFile; fileRef = 18CF8DFB21BCE1A200B66425 /* AppDelegate.swift */; };
		18CF8DFE21BCE1A200B66425 /* ViewController.swift in Sources */ = {isa = PBXBuildFile; fileRef = 18CF8DFD21BCE1A200B66425 /* ViewController.swift */; };
		18CF8E0121BCE1A200B66425 /* Main.storyboard in Resources */ = {isa = PBXBuildFile; fileRef = 18CF8DFF21BCE1A200B66425 /* Main.storyboard */; };
		18CF8E0321BCE1A400B66425 /* Assets.xcassets in Resources */ = {isa = PBXBuildFile; fileRef = 18CF8E0221BCE1A400B66425 /* Assets.xcassets */; };
		18CF8E0621BCE1A400B66425 /* LaunchScreen.storyboard in Resources */ = {isa = PBXBuildFile; fileRef = 18CF8E0421BCE1A400B66425 /* LaunchScreen.storyboard */; };
		18CF8E1121BCE1A400B66425 /* ProyectoFinalALVTests.swift in Sources */ = {isa = PBXBuildFile; fileRef = 18CF8E1021BCE1A400B66425 /* ProyectoFinalALVTests.swift */; };
		18CF8E1C21BCE1A400B66425 /* ProyectoFinalALVUITests.swift in Sources */ = {isa = PBXBuildFile; fileRef = 18CF8E1B21BCE1A400B66425 /* ProyectoFinalALVUITests.swift */; };
		18E9FB6321BDF71A00F22CCA /* RecipeTableVCTableViewController.swift in Sources */ = {isa = PBXBuildFile; fileRef = 18E9FB6221BDF71A00F22CCA /* RecipeTableVCTableViewController.swift */; };
		18E9FB6521BE124800F22CCA /* DetallesyOrdenarViewController.swift in Sources */ = {isa = PBXBuildFile; fileRef = 18E9FB6421BE124800F22CCA /* DetallesyOrdenarViewController.swift */; };
		18E9FB6921BE279100F22CCA /* GoogleService-Info.plist in Resources */ = {isa = PBXBuildFile; fileRef = 18E9FB6821BE279100F22CCA /* GoogleService-Info.plist */; };
		779D994ECB5A4FFEF3928841 /* Pods_ProyectoFinalALVUITests.framework in Frameworks */ = {isa = PBXBuildFile; fileRef = 7FE6FACAEAED866DB72A86C1 /* Pods_ProyectoFinalALVUITests.framework */; };
		B26CE4C2AC7576F226A95553 /* Pods_ProyectoFinalALVTests.framework in Frameworks */ = {isa = PBXBuildFile; fileRef = 30E0EAAB38BB4D9209A10A8F /* Pods_ProyectoFinalALVTests.framework */; };
		E3E3A979141145054E2DF9C3 /* Pods_ProyectoFinalALV.framework in Frameworks */ = {isa = PBXBuildFile; fileRef = 536721EEC964393E3336FD6B /* Pods_ProyectoFinalALV.framework */; };
/* End PBXBuildFile section */

/* Begin PBXContainerItemProxy section */
		18CF8E0D21BCE1A400B66425 /* PBXContainerItemProxy */ = {
			isa = PBXContainerItemProxy;
			containerPortal = 18CF8DF021BCE1A200B66425 /* Project object */;
			proxyType = 1;
			remoteGlobalIDString = 18CF8DF721BCE1A200B66425;
			remoteInfo = ProyectoFinalALV;
		};
		18CF8E1821BCE1A400B66425 /* PBXContainerItemProxy */ = {
			isa = PBXContainerItemProxy;
			containerPortal = 18CF8DF021BCE1A200B66425 /* Project object */;
			proxyType = 1;
			remoteGlobalIDString = 18CF8DF721BCE1A200B66425;
			remoteInfo = ProyectoFinalALV;
		};
/* End PBXContainerItemProxy section */

/* Begin PBXFileReference section */
		0BABD1631387F9CC95F2F2CC /* Pods-ProyectoFinalALV.debug.xcconfig */ = {isa = PBXFileReference; includeInIndex = 1; lastKnownFileType = text.xcconfig; name = "Pods-ProyectoFinalALV.debug.xcconfig"; path = "Pods/Target Support Files/Pods-ProyectoFinalALV/Pods-ProyectoFinalALV.debug.xcconfig"; sourceTree = "<group>"; };
		183ED7F521BE69DF00255120 /* PedidosTableViewController.swift */ = {isa = PBXFileReference; lastKnownFileType = sourcecode.swift; path = PedidosTableViewController.swift; sourceTree = "<group>"; };
		183ED7F721BE7C4B00255120 /* StatusPedidoViewController.swift */ = {isa = PBXFileReference; lastKnownFileType = sourcecode.swift; path = StatusPedidoViewController.swift; sourceTree = "<group>"; };
		18CF8DF821BCE1A200B66425 /* ProyectoFinalALV.app */ = {isa = PBXFileReference; explicitFileType = wrapper.application; includeInIndex = 0; path = ProyectoFinalALV.app; sourceTree = BUILT_PRODUCTS_DIR; };
		18CF8DFB21BCE1A200B66425 /* AppDelegate.swift */ = {isa = PBXFileReference; lastKnownFileType = sourcecode.swift; path = AppDelegate.swift; sourceTree = "<group>"; };
		18CF8DFD21BCE1A200B66425 /* ViewController.swift */ = {isa = PBXFileReference; lastKnownFileType = sourcecode.swift; path = ViewController.swift; sourceTree = "<group>"; };
		18CF8E0021BCE1A200B66425 /* Base */ = {isa = PBXFileReference; lastKnownFileType = file.storyboard; name = Base; path = Base.lproj/Main.storyboard; sourceTree = "<group>"; };
		18CF8E0221BCE1A400B66425 /* Assets.xcassets */ = {isa = PBXFileReference; lastKnownFileType = folder.assetcatalog; path = Assets.xcassets; sourceTree = "<group>"; };
		18CF8E0521BCE1A400B66425 /* Base */ = {isa = PBXFileReference; lastKnownFileType = file.storyboard; name = Base; path = Base.lproj/LaunchScreen.storyboard; sourceTree = "<group>"; };
		18CF8E0721BCE1A400B66425 /* Info.plist */ = {isa = PBXFileReference; lastKnownFileType = text.plist.xml; path = Info.plist; sourceTree = "<group>"; };
		18CF8E0C21BCE1A400B66425 /* ProyectoFinalALVTests.xctest */ = {isa = PBXFileReference; explicitFileType = wrapper.cfbundle; includeInIndex = 0; path = ProyectoFinalALVTests.xctest; sourceTree = BUILT_PRODUCTS_DIR; };
		18CF8E1021BCE1A400B66425 /* ProyectoFinalALVTests.swift */ = {isa = PBXFileReference; lastKnownFileType = sourcecode.swift; path = ProyectoFinalALVTests.swift; sourceTree = "<group>"; };
		18CF8E1221BCE1A400B66425 /* Info.plist */ = {isa = PBXFileReference; lastKnownFileType = text.plist.xml; path = Info.plist; sourceTree = "<group>"; };
		18CF8E1721BCE1A400B66425 /* ProyectoFinalALVUITests.xctest */ = {isa = PBXFileReference; explicitFileType = wrapper.cfbundle; includeInIndex = 0; path = ProyectoFinalALVUITests.xctest; sourceTree = BUILT_PRODUCTS_DIR; };
		18CF8E1B21BCE1A400B66425 /* ProyectoFinalALVUITests.swift */ = {isa = PBXFileReference; lastKnownFileType = sourcecode.swift; path = ProyectoFinalALVUITests.swift; sourceTree = "<group>"; };
		18CF8E1D21BCE1A400B66425 /* Info.plist */ = {isa = PBXFileReference; lastKnownFileType = text.plist.xml; path = Info.plist; sourceTree = "<group>"; };
		18E9FB6221BDF71A00F22CCA /* RecipeTableVCTableViewController.swift */ = {isa = PBXFileReference; lastKnownFileType = sourcecode.swift; path = RecipeTableVCTableViewController.swift; sourceTree = "<group>"; };
		18E9FB6421BE124800F22CCA /* DetallesyOrdenarViewController.swift */ = {isa = PBXFileReference; lastKnownFileType = sourcecode.swift; path = DetallesyOrdenarViewController.swift; sourceTree = "<group>"; };
		18E9FB6821BE279100F22CCA /* GoogleService-Info.plist */ = {isa = PBXFileReference; fileEncoding = 4; lastKnownFileType = text.plist.xml; path = "GoogleService-Info.plist"; sourceTree = "<group>"; };
		2EA6EDABCE3E1D5C645C8B55 /* Pods-ProyectoFinalALVTests.debug.xcconfig */ = {isa = PBXFileReference; includeInIndex = 1; lastKnownFileType = text.xcconfig; name = "Pods-ProyectoFinalALVTests.debug.xcconfig"; path = "Pods/Target Support Files/Pods-ProyectoFinalALVTests/Pods-ProyectoFinalALVTests.debug.xcconfig"; sourceTree = "<group>"; };
		30E0EAAB38BB4D9209A10A8F /* Pods_ProyectoFinalALVTests.framework */ = {isa = PBXFileReference; explicitFileType = wrapper.framework; includeInIndex = 0; path = Pods_ProyectoFinalALVTests.framework; sourceTree = BUILT_PRODUCTS_DIR; };
		536721EEC964393E3336FD6B /* Pods_ProyectoFinalALV.framework */ = {isa = PBXFileReference; explicitFileType = wrapper.framework; includeInIndex = 0; path = Pods_ProyectoFinalALV.framework; sourceTree = BUILT_PRODUCTS_DIR; };
		57CA11DC6EB5CF969EBF5DCE /* Pods-ProyectoFinalALVUITests.debug.xcconfig */ = {isa = PBXFileReference; includeInIndex = 1; lastKnownFileType = text.xcconfig; name = "Pods-ProyectoFinalALVUITests.debug.xcconfig"; path = "Pods/Target Support Files/Pods-ProyectoFinalALVUITests/Pods-ProyectoFinalALVUITests.debug.xcconfig"; sourceTree = "<group>"; };
		6E6903950DE2B5AB6256768D /* Pods-ProyectoFinalALVTests.release.xcconfig */ = {isa = PBXFileReference; includeInIndex = 1; lastKnownFileType = text.xcconfig; name = "Pods-ProyectoFinalALVTests.release.xcconfig"; path = "Pods/Target Support Files/Pods-ProyectoFinalALVTests/Pods-ProyectoFinalALVTests.release.xcconfig"; sourceTree = "<group>"; };
		77D69EA51BADF2B64BA974F3 /* Pods-ProyectoFinalALVUITests.release.xcconfig */ = {isa = PBXFileReference; includeInIndex = 1; lastKnownFileType = text.xcconfig; name = "Pods-ProyectoFinalALVUITests.release.xcconfig"; path = "Pods/Target Support Files/Pods-ProyectoFinalALVUITests/Pods-ProyectoFinalALVUITests.release.xcconfig"; sourceTree = "<group>"; };
		7FE6FACAEAED866DB72A86C1 /* Pods_ProyectoFinalALVUITests.framework */ = {isa = PBXFileReference; explicitFileType = wrapper.framework; includeInIndex = 0; path = Pods_ProyectoFinalALVUITests.framework; sourceTree = BUILT_PRODUCTS_DIR; };
		847FA0BDB81DAC4328236C68 /* Pods-ProyectoFinalALV.release.xcconfig */ = {isa = PBXFileReference; includeInIndex = 1; lastKnownFileType = text.xcconfig; name = "Pods-ProyectoFinalALV.release.xcconfig"; path = "Pods/Target Support Files/Pods-ProyectoFinalALV/Pods-ProyectoFinalALV.release.xcconfig"; sourceTree = "<group>"; };
/* End PBXFileReference section */

/* Begin PBXFrameworksBuildPhase section */
		18CF8DF521BCE1A200B66425 /* Frameworks */ = {
			isa = PBXFrameworksBuildPhase;
			buildActionMask = 2147483647;
			files = (
				E3E3A979141145054E2DF9C3 /* Pods_ProyectoFinalALV.framework in Frameworks */,
			);
			runOnlyForDeploymentPostprocessing = 0;
		};
		18CF8E0921BCE1A400B66425 /* Frameworks */ = {
			isa = PBXFrameworksBuildPhase;
			buildActionMask = 2147483647;
			files = (
				B26CE4C2AC7576F226A95553 /* Pods_ProyectoFinalALVTests.framework in Frameworks */,
			);
			runOnlyForDeploymentPostprocessing = 0;
		};
		18CF8E1421BCE1A400B66425 /* Frameworks */ = {
			isa = PBXFrameworksBuildPhase;
			buildActionMask = 2147483647;
			files = (
				779D994ECB5A4FFEF3928841 /* Pods_ProyectoFinalALVUITests.framework in Frameworks */,
			);
			runOnlyForDeploymentPostprocessing = 0;
		};
/* End PBXFrameworksBuildPhase section */

/* Begin PBXGroup section */
		18CF8DEF21BCE1A200B66425 = {
			isa = PBXGroup;
			children = (
				18CF8DFA21BCE1A200B66425 /* ProyectoFinalALV */,
				18CF8E0F21BCE1A400B66425 /* ProyectoFinalALVTests */,
				18CF8E1A21BCE1A400B66425 /* ProyectoFinalALVUITests */,
				18CF8DF921BCE1A200B66425 /* Products */,
				70BD128DDBB4B1F61D6E9623 /* Pods */,
				ECCBB29557E0B7F274E8B4D6 /* Frameworks */,
			);
			sourceTree = "<group>";
		};
		18CF8DF921BCE1A200B66425 /* Products */ = {
			isa = PBXGroup;
			children = (
				18CF8DF821BCE1A200B66425 /* ProyectoFinalALV.app */,
				18CF8E0C21BCE1A400B66425 /* ProyectoFinalALVTests.xctest */,
				18CF8E1721BCE1A400B66425 /* ProyectoFinalALVUITests.xctest */,
			);
			name = Products;
			sourceTree = "<group>";
		};
		18CF8DFA21BCE1A200B66425 /* ProyectoFinalALV */ = {
			isa = PBXGroup;
			children = (
				18E9FB6821BE279100F22CCA /* GoogleService-Info.plist */,
				18E9FB6121BDE81800F22CCA /* Base */,
				18CF8DFD21BCE1A200B66425 /* ViewController.swift */,
				183ED7F721BE7C4B00255120 /* StatusPedidoViewController.swift */,
				18CF8DFF21BCE1A200B66425 /* Main.storyboard */,
				18E9FB6421BE124800F22CCA /* DetallesyOrdenarViewController.swift */,
				183ED7F521BE69DF00255120 /* PedidosTableViewController.swift */,
				18E9FB6221BDF71A00F22CCA /* RecipeTableVCTableViewController.swift */,
			);
			path = ProyectoFinalALV;
			sourceTree = "<group>";
		};
		18CF8E0F21BCE1A400B66425 /* ProyectoFinalALVTests */ = {
			isa = PBXGroup;
			children = (
				18CF8E1021BCE1A400B66425 /* ProyectoFinalALVTests.swift */,
				18CF8E1221BCE1A400B66425 /* Info.plist */,
			);
			path = ProyectoFinalALVTests;
			sourceTree = "<group>";
		};
		18CF8E1A21BCE1A400B66425 /* ProyectoFinalALVUITests */ = {
			isa = PBXGroup;
			children = (
				18CF8E1B21BCE1A400B66425 /* ProyectoFinalALVUITests.swift */,
				18CF8E1D21BCE1A400B66425 /* Info.plist */,
			);
			path = ProyectoFinalALVUITests;
			sourceTree = "<group>";
		};
		18E9FB6121BDE81800F22CCA /* Base */ = {
			isa = PBXGroup;
			children = (
				18CF8E0221BCE1A400B66425 /* Assets.xcassets */,
				18CF8E0421BCE1A400B66425 /* LaunchScreen.storyboard */,
				18CF8DFB21BCE1A200B66425 /* AppDelegate.swift */,
				18CF8E0721BCE1A400B66425 /* Info.plist */,
			);
			path = Base;
			sourceTree = "<group>";
		};
		70BD128DDBB4B1F61D6E9623 /* Pods */ = {
			isa = PBXGroup;
			children = (
				0BABD1631387F9CC95F2F2CC /* Pods-ProyectoFinalALV.debug.xcconfig */,
				847FA0BDB81DAC4328236C68 /* Pods-ProyectoFinalALV.release.xcconfig */,
				2EA6EDABCE3E1D5C645C8B55 /* Pods-ProyectoFinalALVTests.debug.xcconfig */,
				6E6903950DE2B5AB6256768D /* Pods-ProyectoFinalALVTests.release.xcconfig */,
				57CA11DC6EB5CF969EBF5DCE /* Pods-ProyectoFinalALVUITests.debug.xcconfig */,
				77D69EA51BADF2B64BA974F3 /* Pods-ProyectoFinalALVUITests.release.xcconfig */,
			);
			name = Pods;
			sourceTree = "<group>";
		};
		ECCBB29557E0B7F274E8B4D6 /* Frameworks */ = {
			isa = PBXGroup;
			children = (
				536721EEC964393E3336FD6B /* Pods_ProyectoFinalALV.framework */,
				30E0EAAB38BB4D9209A10A8F /* Pods_ProyectoFinalALVTests.framework */,
				7FE6FACAEAED866DB72A86C1 /* Pods_ProyectoFinalALVUITests.framework */,
			);
			name = Frameworks;
			sourceTree = "<group>";
		};
/* End PBXGroup section */

/* Begin PBXNativeTarget section */
		18CF8DF721BCE1A200B66425 /* ProyectoFinalALV */ = {
			isa = PBXNativeTarget;
			buildConfigurationList = 18CF8E2021BCE1A400B66425 /* Build configuration list for PBXNativeTarget "ProyectoFinalALV" */;
			buildPhases = (
				D5AF0930384D72F7AA6D659F /* [CP] Check Pods Manifest.lock */,
				18CF8DF421BCE1A200B66425 /* Sources */,
				18CF8DF521BCE1A200B66425 /* Frameworks */,
				18CF8DF621BCE1A200B66425 /* Resources */,
				70BD087961A4F6170F7915D2 /* [CP] Embed Pods Frameworks */,
				314FDCF5B6755AA8B500FF59 /* [CP] Copy Pods Resources */,
			);
			buildRules = (
			);
			dependencies = (
			);
			name = ProyectoFinalALV;
			productName = ProyectoFinalALV;
			productReference = 18CF8DF821BCE1A200B66425 /* ProyectoFinalALV.app */;
			productType = "com.apple.product-type.application";
		};
		18CF8E0B21BCE1A400B66425 /* ProyectoFinalALVTests */ = {
			isa = PBXNativeTarget;
			buildConfigurationList = 18CF8E2321BCE1A400B66425 /* Build configuration list for PBXNativeTarget "ProyectoFinalALVTests" */;
			buildPhases = (
				C888D6EFF722F8292A1EE8D2 /* [CP] Check Pods Manifest.lock */,
				18CF8E0821BCE1A400B66425 /* Sources */,
				18CF8E0921BCE1A400B66425 /* Frameworks */,
				18CF8E0A21BCE1A400B66425 /* Resources */,
			);
			buildRules = (
			);
			dependencies = (
				18CF8E0E21BCE1A400B66425 /* PBXTargetDependency */,
			);
			name = ProyectoFinalALVTests;
			productName = ProyectoFinalALVTests;
			productReference = 18CF8E0C21BCE1A400B66425 /* ProyectoFinalALVTests.xctest */;
			productType = "com.apple.product-type.bundle.unit-test";
		};
		18CF8E1621BCE1A400B66425 /* ProyectoFinalALVUITests */ = {
			isa = PBXNativeTarget;
			buildConfigurationList = 18CF8E2621BCE1A400B66425 /* Build configuration list for PBXNativeTarget "ProyectoFinalALVUITests" */;
			buildPhases = (
				E02DA9FEA0BAC9C267D3ECAB /* [CP] Check Pods Manifest.lock */,
				18CF8E1321BCE1A400B66425 /* Sources */,
				18CF8E1421BCE1A400B66425 /* Frameworks */,
				18CF8E1521BCE1A400B66425 /* Resources */,
			);
			buildRules = (
			);
			dependencies = (
				18CF8E1921BCE1A400B66425 /* PBXTargetDependency */,
			);
			name = ProyectoFinalALVUITests;
			productName = ProyectoFinalALVUITests;
			productReference = 18CF8E1721BCE1A400B66425 /* ProyectoFinalALVUITests.xctest */;
			productType = "com.apple.product-type.bundle.ui-testing";
		};
/* End PBXNativeTarget section */

/* Begin PBXProject section */
		18CF8DF021BCE1A200B66425 /* Project object */ = {
			isa = PBXProject;
			attributes = {
				LastSwiftUpdateCheck = 1010;
				LastUpgradeCheck = 1010;
				ORGANIZATIONNAME = Alvise;
				TargetAttributes = {
					18CF8DF721BCE1A200B66425 = {
						CreatedOnToolsVersion = 10.1;
					};
					18CF8E0B21BCE1A400B66425 = {
						CreatedOnToolsVersion = 10.1;
						TestTargetID = 18CF8DF721BCE1A200B66425;
					};
					18CF8E1621BCE1A400B66425 = {
						CreatedOnToolsVersion = 10.1;
						TestTargetID = 18CF8DF721BCE1A200B66425;
					};
				};
			};
			buildConfigurationList = 18CF8DF321BCE1A200B66425 /* Build configuration list for PBXProject "ProyectoFinalALV" */;
			compatibilityVersion = "Xcode 9.3";
			developmentRegion = en;
			hasScannedForEncodings = 0;
			knownRegions = (
				en,
				Base,
			);
			mainGroup = 18CF8DEF21BCE1A200B66425;
			productRefGroup = 18CF8DF921BCE1A200B66425 /* Products */;
			projectDirPath = "";
			projectRoot = "";
			targets = (
				18CF8DF721BCE1A200B66425 /* ProyectoFinalALV */,
				18CF8E0B21BCE1A400B66425 /* ProyectoFinalALVTests */,
				18CF8E1621BCE1A400B66425 /* ProyectoFinalALVUITests */,
			);
		};
/* End PBXProject section */

/* Begin PBXResourcesBuildPhase section */
		18CF8DF621BCE1A200B66425 /* Resources */ = {
			isa = PBXResourcesBuildPhase;
			buildActionMask = 2147483647;
			files = (
				18CF8E0621BCE1A400B66425 /* LaunchScreen.storyboard in Resources */,
				18E9FB6921BE279100F22CCA /* GoogleService-Info.plist in Resources */,
				18CF8E0321BCE1A400B66425 /* Assets.xcassets in Resources */,
				18CF8E0121BCE1A200B66425 /* Main.storyboard in Resources */,
			);
			runOnlyForDeploymentPostprocessing = 0;
		};
		18CF8E0A21BCE1A400B66425 /* Resources */ = {
			isa = PBXResourcesBuildPhase;
			buildActionMask = 2147483647;
			files = (
			);
			runOnlyForDeploymentPostprocessing = 0;
		};
		18CF8E1521BCE1A400B66425 /* Resources */ = {
			isa = PBXResourcesBuildPhase;
			buildActionMask = 2147483647;
			files = (
			);
			runOnlyForDeploymentPostprocessing = 0;
		};
/* End PBXResourcesBuildPhase section */

/* Begin PBXShellScriptBuildPhase section */
		314FDCF5B6755AA8B500FF59 /* [CP] Copy Pods Resources */ = {
			isa = PBXShellScriptBuildPhase;
			buildActionMask = 2147483647;
			files = (
			);
			inputFileListPaths = (
			);
			inputPaths = (
				"${SRCROOT}/Pods/Target Support Files/Pods-ProyectoFinalALV/Pods-ProyectoFinalALV-resources.sh",
				"${PODS_CONFIGURATION_BUILD_DIR}/FirebaseFirestore/gRPCCertificates-Firestore.bundle",
			);
			name = "[CP] Copy Pods Resources";
			outputFileListPaths = (
			);
			outputPaths = (
				"${TARGET_BUILD_DIR}/${UNLOCALIZED_RESOURCES_FOLDER_PATH}/gRPCCertificates-Firestore.bundle",
			);
			runOnlyForDeploymentPostprocessing = 0;
			shellPath = /bin/sh;
			shellScript = "\"${SRCROOT}/Pods/Target Support Files/Pods-ProyectoFinalALV/Pods-ProyectoFinalALV-resources.sh\"\n";
			showEnvVarsInLog = 0;
		};
		70BD087961A4F6170F7915D2 /* [CP] Embed Pods Frameworks */ = {
			isa = PBXShellScriptBuildPhase;
			buildActionMask = 2147483647;
			files = (
			);
			inputFileListPaths = (
			);
			inputPaths = (
				"${SRCROOT}/Pods/Target Support Files/Pods-ProyectoFinalALV/Pods-ProyectoFinalALV-frameworks.sh",
				"${BUILT_PRODUCTS_DIR}/BoringSSL/openssl.framework",
				"${BUILT_PRODUCTS_DIR}/GoogleUtilities/GoogleUtilities.framework",
				"${BUILT_PRODUCTS_DIR}/Protobuf/Protobuf.framework",
				"${BUILT_PRODUCTS_DIR}/gRPC-C++/grpcpp.framework",
				"${BUILT_PRODUCTS_DIR}/gRPC-Core/grpc.framework",
				"${BUILT_PRODUCTS_DIR}/leveldb-library/leveldb.framework",
				"${BUILT_PRODUCTS_DIR}/nanopb/nanopb.framework",
			);
			name = "[CP] Embed Pods Frameworks";
			outputFileListPaths = (
			);
			outputPaths = (
				"${TARGET_BUILD_DIR}/${FRAMEWORKS_FOLDER_PATH}/openssl.framework",
				"${TARGET_BUILD_DIR}/${FRAMEWORKS_FOLDER_PATH}/GoogleUtilities.framework",
				"${TARGET_BUILD_DIR}/${FRAMEWORKS_FOLDER_PATH}/Protobuf.framework",
				"${TARGET_BUILD_DIR}/${FRAMEWORKS_FOLDER_PATH}/grpcpp.framework",
				"${TARGET_BUILD_DIR}/${FRAMEWORKS_FOLDER_PATH}/grpc.framework",
				"${TARGET_BUILD_DIR}/${FRAMEWORKS_FOLDER_PATH}/leveldb.framework",
				"${TARGET_BUILD_DIR}/${FRAMEWORKS_FOLDER_PATH}/nanopb.framework",
			);
			runOnlyForDeploymentPostprocessing = 0;
			shellPath = /bin/sh;
			shellScript = "\"${SRCROOT}/Pods/Target Support Files/Pods-ProyectoFinalALV/Pods-ProyectoFinalALV-frameworks.sh\"\n";
			showEnvVarsInLog = 0;
		};
		C888D6EFF722F8292A1EE8D2 /* [CP] Check Pods Manifest.lock */ = {
			isa = PBXShellScriptBuildPhase;
			buildActionMask = 2147483647;
			files = (
			);
			inputFileListPaths = (
			);
			inputPaths = (
				"${PODS_PODFILE_DIR_PATH}/Podfile.lock",
				"${PODS_ROOT}/Manifest.lock",
			);
			name = "[CP] Check Pods Manifest.lock";
			outputFileListPaths = (
			);
			outputPaths = (
				"$(DERIVED_FILE_DIR)/Pods-ProyectoFinalALVTests-checkManifestLockResult.txt",
			);
			runOnlyForDeploymentPostprocessing = 0;
			shellPath = /bin/sh;
			shellScript = "diff \"${PODS_PODFILE_DIR_PATH}/Podfile.lock\" \"${PODS_ROOT}/Manifest.lock\" > /dev/null\nif [ $? != 0 ] ; then\n    # print error to STDERR\n    echo \"error: The sandbox is not in sync with the Podfile.lock. Run 'pod install' or update your CocoaPods installation.\" >&2\n    exit 1\nfi\n# This output is used by Xcode 'outputs' to avoid re-running this script phase.\necho \"SUCCESS\" > \"${SCRIPT_OUTPUT_FILE_0}\"\n";
			showEnvVarsInLog = 0;
		};
		D5AF0930384D72F7AA6D659F /* [CP] Check Pods Manifest.lock */ = {
			isa = PBXShellScriptBuildPhase;
			buildActionMask = 2147483647;
			files = (
			);
			inputFileListPaths = (
			);
			inputPaths = (
				"${PODS_PODFILE_DIR_PATH}/Podfile.lock",
				"${PODS_ROOT}/Manifest.lock",
			);
			name = "[CP] Check Pods Manifest.lock";
			outputFileListPaths = (
			);
			outputPaths = (
				"$(DERIVED_FILE_DIR)/Pods-ProyectoFinalALV-checkManifestLockResult.txt",
			);
			runOnlyForDeploymentPostprocessing = 0;
			shellPath = /bin/sh;
			shellScript = "diff \"${PODS_PODFILE_DIR_PATH}/Podfile.lock\" \"${PODS_ROOT}/Manifest.lock\" > /dev/null\nif [ $? != 0 ] ; then\n    # print error to STDERR\n    echo \"error: The sandbox is not in sync with the Podfile.lock. Run 'pod install' or update your CocoaPods installation.\" >&2\n    exit 1\nfi\n# This output is used by Xcode 'outputs' to avoid re-running this script phase.\necho \"SUCCESS\" > \"${SCRIPT_OUTPUT_FILE_0}\"\n";
			showEnvVarsInLog = 0;
		};
		E02DA9FEA0BAC9C267D3ECAB /* [CP] Check Pods Manifest.lock */ = {
			isa = PBXShellScriptBuildPhase;
			buildActionMask = 2147483647;
			files = (
			);
			inputFileListPaths = (
			);
			inputPaths = (
				"${PODS_PODFILE_DIR_PATH}/Podfile.lock",
				"${PODS_ROOT}/Manifest.lock",
			);
			name = "[CP] Check Pods Manifest.lock";
			outputFileListPaths = (
			);
			outputPaths = (
				"$(DERIVED_FILE_DIR)/Pods-ProyectoFinalALVUITests-checkManifestLockResult.txt",
			);
			runOnlyForDeploymentPostprocessing = 0;
			shellPath = /bin/sh;
			shellScript = "diff \"${PODS_PODFILE_DIR_PATH}/Podfile.lock\" \"${PODS_ROOT}/Manifest.lock\" > /dev/null\nif [ $? != 0 ] ; then\n    # print error to STDERR\n    echo \"error: The sandbox is not in sync with the Podfile.lock. Run 'pod install' or update your CocoaPods installation.\" >&2\n    exit 1\nfi\n# This output is used by Xcode 'outputs' to avoid re-running this script phase.\necho \"SUCCESS\" > \"${SCRIPT_OUTPUT_FILE_0}\"\n";
			showEnvVarsInLog = 0;
		};
/* End PBXShellScriptBuildPhase section */

/* Begin PBXSourcesBuildPhase section */
		18CF8DF421BCE1A200B66425 /* Sources */ = {
			isa = PBXSourcesBuildPhase;
			buildActionMask = 2147483647;
			files = (
				183ED7F621BE69DF00255120 /* PedidosTableViewController.swift in Sources */,
				18E9FB6521BE124800F22CCA /* DetallesyOrdenarViewController.swift in Sources */,
				18CF8DFE21BCE1A200B66425 /* ViewController.swift in Sources */,
				18E9FB6321BDF71A00F22CCA /* RecipeTableVCTableViewController.swift in Sources */,
				183ED7F821BE7C4B00255120 /* StatusPedidoViewController.swift in Sources */,
				18CF8DFC21BCE1A200B66425 /* AppDelegate.swift in Sources */,
			);
			runOnlyForDeploymentPostprocessing = 0;
		};
		18CF8E0821BCE1A400B66425 /* Sources */ = {
			isa = PBXSourcesBuildPhase;
			buildActionMask = 2147483647;
			files = (
				18CF8E1121BCE1A400B66425 /* ProyectoFinalALVTests.swift in Sources */,
			);
			runOnlyForDeploymentPostprocessing = 0;
		};
		18CF8E1321BCE1A400B66425 /* Sources */ = {
			isa = PBXSourcesBuildPhase;
			buildActionMask = 2147483647;
			files = (
				18CF8E1C21BCE1A400B66425 /* ProyectoFinalALVUITests.swift in Sources */,
			);
			runOnlyForDeploymentPostprocessing = 0;
		};
/* End PBXSourcesBuildPhase section */

/* Begin PBXTargetDependency section */
		18CF8E0E21BCE1A400B66425 /* PBXTargetDependency */ = {
			isa = PBXTargetDependency;
			target = 18CF8DF721BCE1A200B66425 /* ProyectoFinalALV */;
			targetProxy = 18CF8E0D21BCE1A400B66425 /* PBXContainerItemProxy */;
		};
		18CF8E1921BCE1A400B66425 /* PBXTargetDependency */ = {
			isa = PBXTargetDependency;
			target = 18CF8DF721BCE1A200B66425 /* ProyectoFinalALV */;
			targetProxy = 18CF8E1821BCE1A400B66425 /* PBXContainerItemProxy */;
		};
/* End PBXTargetDependency section */

/* Begin PBXVariantGroup section */
		18CF8DFF21BCE1A200B66425 /* Main.storyboard */ = {
			isa = PBXVariantGroup;
			children = (
				18CF8E0021BCE1A200B66425 /* Base */,
			);
			name = Main.storyboard;
			sourceTree = "<group>";
		};
		18CF8E0421BCE1A400B66425 /* LaunchScreen.storyboard */ = {
			isa = PBXVariantGroup;
			children = (
				18CF8E0521BCE1A400B66425 /* Base */,
			);
			name = LaunchScreen.storyboard;
			sourceTree = "<group>";
		};
/* End PBXVariantGroup section */

/* Begin XCBuildConfiguration section */
		18CF8E1E21BCE1A400B66425 /* Debug */ = {
			isa = XCBuildConfiguration;
			buildSettings = {
				ALWAYS_SEARCH_USER_PATHS = NO;
				CLANG_ANALYZER_NONNULL = YES;
				CLANG_ANALYZER_NUMBER_OBJECT_CONVERSION = YES_AGGRESSIVE;
				CLANG_CXX_LANGUAGE_STANDARD = "gnu++14";
				CLANG_CXX_LIBRARY = "libc++";
				CLANG_ENABLE_MODULES = YES;
				CLANG_ENABLE_OBJC_ARC = YES;
				CLANG_ENABLE_OBJC_WEAK = YES;
				CLANG_WARN_BLOCK_CAPTURE_AUTORELEASING = YES;
				CLANG_WARN_BOOL_CONVERSION = YES;
				CLANG_WARN_COMMA = YES;
				CLANG_WARN_CONSTANT_CONVERSION = YES;
				CLANG_WARN_DEPRECATED_OBJC_IMPLEMENTATIONS = YES;
				CLANG_WARN_DIRECT_OBJC_ISA_USAGE = YES_ERROR;
				CLANG_WARN_DOCUMENTATION_COMMENTS = YES;
				CLANG_WARN_EMPTY_BODY = YES;
				CLANG_WARN_ENUM_CONVERSION = YES;
				CLANG_WARN_INFINITE_RECURSION = YES;
				CLANG_WARN_INT_CONVERSION = YES;
				CLANG_WARN_NON_LITERAL_NULL_CONVERSION = YES;
				CLANG_WARN_OBJC_IMPLICIT_RETAIN_SELF = YES;
				CLANG_WARN_OBJC_LITERAL_CONVERSION = YES;
				CLANG_WARN_OBJC_ROOT_CLASS = YES_ERROR;
				CLANG_WARN_RANGE_LOOP_ANALYSIS = YES;
				CLANG_WARN_STRICT_PROTOTYPES = YES;
				CLANG_WARN_SUSPICIOUS_MOVE = YES;
				CLANG_WARN_UNGUARDED_AVAILABILITY = YES_AGGRESSIVE;
				CLANG_WARN_UNREACHABLE_CODE = YES;
				CLANG_WARN__DUPLICATE_METHOD_MATCH = YES;
				CODE_SIGN_IDENTITY = "iPhone Developer";
				COPY_PHASE_STRIP = NO;
				DEBUG_INFORMATION_FORMAT = dwarf;
				ENABLE_STRICT_OBJC_MSGSEND = YES;
				ENABLE_TESTABILITY = YES;
				GCC_C_LANGUAGE_STANDARD = gnu11;
				GCC_DYNAMIC_NO_PIC = NO;
				GCC_NO_COMMON_BLOCKS = YES;
				GCC_OPTIMIZATION_LEVEL = 0;
				GCC_PREPROCESSOR_DEFINITIONS = (
					"DEBUG=1",
					"$(inherited)",
				);
				GCC_WARN_64_TO_32_BIT_CONVERSION = YES;
				GCC_WARN_ABOUT_RETURN_TYPE = YES_ERROR;
				GCC_WARN_UNDECLARED_SELECTOR = YES;
				GCC_WARN_UNINITIALIZED_AUTOS = YES_AGGRESSIVE;
				GCC_WARN_UNUSED_FUNCTION = YES;
				GCC_WARN_UNUSED_VARIABLE = YES;
				IPHONEOS_DEPLOYMENT_TARGET = 12.1;
				MTL_ENABLE_DEBUG_INFO = INCLUDE_SOURCE;
				MTL_FAST_MATH = YES;
				ONLY_ACTIVE_ARCH = YES;
				SDKROOT = iphoneos;
				SWIFT_ACTIVE_COMPILATION_CONDITIONS = DEBUG;
				SWIFT_OPTIMIZATION_LEVEL = "-Onone";
			};
			name = Debug;
		};
		18CF8E1F21BCE1A400B66425 /* Release */ = {
			isa = XCBuildConfiguration;
			buildSettings = {
				ALWAYS_SEARCH_USER_PATHS = NO;
				CLANG_ANALYZER_NONNULL = YES;
				CLANG_ANALYZER_NUMBER_OBJECT_CONVERSION = YES_AGGRESSIVE;
				CLANG_CXX_LANGUAGE_STANDARD = "gnu++14";
				CLANG_CXX_LIBRARY = "libc++";
				CLANG_ENABLE_MODULES = YES;
				CLANG_ENABLE_OBJC_ARC = YES;
				CLANG_ENABLE_OBJC_WEAK = YES;
				CLANG_WARN_BLOCK_CAPTURE_AUTORELEASING = YES;
				CLANG_WARN_BOOL_CONVERSION = YES;
				CLANG_WARN_COMMA = YES;
				CLANG_WARN_CONSTANT_CONVERSION = YES;
				CLANG_WARN_DEPRECATED_OBJC_IMPLEMENTATIONS = YES;
				CLANG_WARN_DIRECT_OBJC_ISA_USAGE = YES_ERROR;
				CLANG_WARN_DOCUMENTATION_COMMENTS = YES;
				CLANG_WARN_EMPTY_BODY = YES;
				CLANG_WARN_ENUM_CONVERSION = YES;
				CLANG_WARN_INFINITE_RECURSION = YES;
				CLANG_WARN_INT_CONVERSION = YES;
				CLANG_WARN_NON_LITERAL_NULL_CONVERSION = YES;
				CLANG_WARN_OBJC_IMPLICIT_RETAIN_SELF = YES;
				CLANG_WARN_OBJC_LITERAL_CONVERSION = YES;
				CLANG_WARN_OBJC_ROOT_CLASS = YES_ERROR;
				CLANG_WARN_RANGE_LOOP_ANALYSIS = YES;
				CLANG_WARN_STRICT_PROTOTYPES = YES;
				CLANG_WARN_SUSPICIOUS_MOVE = YES;
				CLANG_WARN_UNGUARDED_AVAILABILITY = YES_AGGRESSIVE;
				CLANG_WARN_UNREACHABLE_CODE = YES;
				CLANG_WARN__DUPLICATE_METHOD_MATCH = YES;
				CODE_SIGN_IDENTITY = "iPhone Developer";
				COPY_PHASE_STRIP = NO;
				DEBUG_INFORMATION_FORMAT = "dwarf-with-dsym";
				ENABLE_NS_ASSERTIONS = NO;
				ENABLE_STRICT_OBJC_MSGSEND = YES;
				GCC_C_LANGUAGE_STANDARD = gnu11;
				GCC_NO_COMMON_BLOCKS = YES;
				GCC_WARN_64_TO_32_BIT_CONVERSION = YES;
				GCC_WARN_ABOUT_RETURN_TYPE = YES_ERROR;
				GCC_WARN_UNDECLARED_SELECTOR = YES;
				GCC_WARN_UNINITIALIZED_AUTOS = YES_AGGRESSIVE;
				GCC_WARN_UNUSED_FUNCTION = YES;
				GCC_WARN_UNUSED_VARIABLE = YES;
				IPHONEOS_DEPLOYMENT_TARGET = 12.1;
				MTL_ENABLE_DEBUG_INFO = NO;
				MTL_FAST_MATH = YES;
				SDKROOT = iphoneos;
				SWIFT_COMPILATION_MODE = wholemodule;
				SWIFT_OPTIMIZATION_LEVEL = "-O";
				VALIDATE_PRODUCT = YES;
			};
			name = Release;
		};
		18CF8E2121BCE1A400B66425 /* Debug */ = {
			isa = XCBuildConfiguration;
			baseConfigurationReference = 0BABD1631387F9CC95F2F2CC /* Pods-ProyectoFinalALV.debug.xcconfig */;
			buildSettings = {
				ASSETCATALOG_COMPILER_APPICON_NAME = AppIcon;
				CODE_SIGN_STYLE = Automatic;
				INFOPLIST_FILE = "$(SRCROOT)/ProyectoFinalALV/Base/Info.plist";
				LD_RUNPATH_SEARCH_PATHS = (
					"$(inherited)",
					"@executable_path/Frameworks",
				);
				PRODUCT_BUNDLE_IDENTIFIER = com.itm.ProyectoFinalALV;
				PRODUCT_NAME = "$(TARGET_NAME)";
				SWIFT_VERSION = 4.2;
				TARGETED_DEVICE_FAMILY = "1,2";
			};
			name = Debug;
		};
		18CF8E2221BCE1A400B66425 /* Release */ = {
			isa = XCBuildConfiguration;
			baseConfigurationReference = 847FA0BDB81DAC4328236C68 /* Pods-ProyectoFinalALV.release.xcconfig */;
			buildSettings = {
				ASSETCATALOG_COMPILER_APPICON_NAME = AppIcon;
				CODE_SIGN_STYLE = Automatic;
				INFOPLIST_FILE = "$(SRCROOT)/ProyectoFinalALV/Base/Info.plist";
				LD_RUNPATH_SEARCH_PATHS = (
					"$(inherited)",
					"@executable_path/Frameworks",
				);
				PRODUCT_BUNDLE_IDENTIFIER = com.itm.ProyectoFinalALV;
				PRODUCT_NAME = "$(TARGET_NAME)";
				SWIFT_VERSION = 4.2;
				TARGETED_DEVICE_FAMILY = "1,2";
			};
			name = Release;
		};
		18CF8E2421BCE1A400B66425 /* Debug */ = {
			isa = XCBuildConfiguration;
			baseConfigurationReference = 2EA6EDABCE3E1D5C645C8B55 /* Pods-ProyectoFinalALVTests.debug.xcconfig */;
			buildSettings = {
				ALWAYS_EMBED_SWIFT_STANDARD_LIBRARIES = YES;
				BUNDLE_LOADER = "$(TEST_HOST)";
				CODE_SIGN_STYLE = Automatic;
				INFOPLIST_FILE = ProyectoFinalALVTests/Info.plist;
				LD_RUNPATH_SEARCH_PATHS = (
					"$(inherited)",
					"@executable_path/Frameworks",
					"@loader_path/Frameworks",
				);
				PRODUCT_BUNDLE_IDENTIFIER = com.itm.ProyectoFinalALVTests;
				PRODUCT_NAME = "$(TARGET_NAME)";
				SWIFT_VERSION = 4.2;
				TARGETED_DEVICE_FAMILY = "1,2";
				TEST_HOST = "$(BUILT_PRODUCTS_DIR)/ProyectoFinalALV.app/ProyectoFinalALV";
			};
			name = Debug;
		};
		18CF8E2521BCE1A400B66425 /* Release */ = {
			isa = XCBuildConfiguration;
			baseConfigurationReference = 6E6903950DE2B5AB6256768D /* Pods-ProyectoFinalALVTests.release.xcconfig */;
			buildSettings = {
				ALWAYS_EMBED_SWIFT_STANDARD_LIBRARIES = YES;
				BUNDLE_LOADER = "$(TEST_HOST)";
				CODE_SIGN_STYLE = Automatic;
				INFOPLIST_FILE = ProyectoFinalALVTests/Info.plist;
				LD_RUNPATH_SEARCH_PATHS = (
					"$(inherited)",
					"@executable_path/Frameworks",
					"@loader_path/Frameworks",
				);
				PRODUCT_BUNDLE_IDENTIFIER = com.itm.ProyectoFinalALVTests;
				PRODUCT_NAME = "$(TARGET_NAME)";
				SWIFT_VERSION = 4.2;
				TARGETED_DEVICE_FAMILY = "1,2";
				TEST_HOST = "$(BUILT_PRODUCTS_DIR)/ProyectoFinalALV.app/ProyectoFinalALV";
			};
			name = Release;
		};
		18CF8E2721BCE1A400B66425 /* Debug */ = {
			isa = XCBuildConfiguration;
			baseConfigurationReference = 57CA11DC6EB5CF969EBF5DCE /* Pods-ProyectoFinalALVUITests.debug.xcconfig */;
			buildSettings = {
				ALWAYS_EMBED_SWIFT_STANDARD_LIBRARIES = YES;
				CODE_SIGN_STYLE = Automatic;
				INFOPLIST_FILE = ProyectoFinalALVUITests/Info.plist;
				LD_RUNPATH_SEARCH_PATHS = (
					"$(inherited)",
					"@executable_path/Frameworks",
					"@loader_path/Frameworks",
				);
				PRODUCT_BUNDLE_IDENTIFIER = com.itm.ProyectoFinalALVUITests;
				PRODUCT_NAME = "$(TARGET_NAME)";
				SWIFT_VERSION = 4.2;
				TARGETED_DEVICE_FAMILY = "1,2";
				TEST_TARGET_NAME = ProyectoFinalALV;
			};
			name = Debug;
		};
		18CF8E2821BCE1A400B66425 /* Release */ = {
			isa = XCBuildConfiguration;
			baseConfigurationReference = 77D69EA51BADF2B64BA974F3 /* Pods-ProyectoFinalALVUITests.release.xcconfig */;
			buildSettings = {
				ALWAYS_EMBED_SWIFT_STANDARD_LIBRARIES = YES;
				CODE_SIGN_STYLE = Automatic;
				INFOPLIST_FILE = ProyectoFinalALVUITests/Info.plist;
				LD_RUNPATH_SEARCH_PATHS = (
					"$(inherited)",
					"@executable_path/Frameworks",
					"@loader_path/Frameworks",
				);
				PRODUCT_BUNDLE_IDENTIFIER = com.itm.ProyectoFinalALVUITests;
				PRODUCT_NAME = "$(TARGET_NAME)";
				SWIFT_VERSION = 4.2;
				TARGETED_DEVICE_FAMILY = "1,2";
				TEST_TARGET_NAME = ProyectoFinalALV;
			};
			name = Release;
		};
/* End XCBuildConfiguration section */

/* Begin XCConfigurationList section */
		18CF8DF321BCE1A200B66425 /* Build configuration list for PBXProject "ProyectoFinalALV" */ = {
			isa = XCConfigurationList;
			buildConfigurations = (
				18CF8E1E21BCE1A400B66425 /* Debug */,
				18CF8E1F21BCE1A400B66425 /* Release */,
			);
			defaultConfigurationIsVisible = 0;
			defaultConfigurationName = Release;
		};
		18CF8E2021BCE1A400B66425 /* Build configuration list for PBXNativeTarget "ProyectoFinalALV" */ = {
			isa = XCConfigurationList;
			buildConfigurations = (
				18CF8E2121BCE1A400B66425 /* Debug */,
				18CF8E2221BCE1A400B66425 /* Release */,
			);
			defaultConfigurationIsVisible = 0;
			defaultConfigurationName = Release;
		};
		18CF8E2321BCE1A400B66425 /* Build configuration list for PBXNativeTarget "ProyectoFinalALVTests" */ = {
			isa = XCConfigurationList;
			buildConfigurations = (
				18CF8E2421BCE1A400B66425 /* Debug */,
				18CF8E2521BCE1A400B66425 /* Release */,
			);
			defaultConfigurationIsVisible = 0;
			defaultConfigurationName = Release;
		};
		18CF8E2621BCE1A400B66425 /* Build configuration list for PBXNativeTarget "ProyectoFinalALVUITests" */ = {
			isa = XCConfigurationList;
			buildConfigurations = (
				18CF8E2721BCE1A400B66425 /* Debug */,
				18CF8E2821BCE1A400B66425 /* Release */,
			);
			defaultConfigurationIsVisible = 0;
			defaultConfigurationName = Release;
		};
/* End XCConfigurationList section */
	};
	rootObject = 18CF8DF021BCE1A200B66425 /* Project object */;
}
